
Microsoft Visual Studio Solution File, Format Version 12.00
# Visual Studio Version 17
VisualStudioVersion = 17.7.34031.279
MinimumVisualStudioVersion = 10.0.40219.1
Project("{8BC9CEB8-8B4A-11D0-8D11-00A0C91BC942}") = "MISC", "MISC\MISC.vcxproj", "{8ACAC349-F74F-4EC8-8639-F6B15E9570F1}"
EndProject
Global
	GlobalSection(SolutionConfigurationPlatforms) = preSolution
		Debug|x64 = Debug|x64
		Debug|x86 = Debug|x86
		Release|x64 = Release|x64
		Release|x86 = Release|x86
	EndGlobalSection
	GlobalSection(ProjectConfigurationPlatforms) = postSolution
		{8ACAC349-F74F-4EC8-8639-F6B15E9570F1}.Debug|x64.ActiveCfg = Debug|x64
		{8ACAC349-F74F-4EC8-8639-F6B15E9570F1}.Debug|x64.Build.0 = Debug|x64
		{8ACAC349-F74F-4EC8-8639-F6B15E9570F1}.Debug|x86.ActiveCfg = Debug|Win32
		{8ACAC349-F74F-4EC8-8639-F6B15E9570F1}.Debug|x86.Build.0 = Debug|Win32
		{8ACAC349-F74F-4EC8-8639-F6B15E9570F1}.Release|x64.ActiveCfg = Release|x64
		{8ACAC349-F74F-4EC8-8639-F6B15E9570F1}.Release|x64.Build.0 = Release|x64
		{8ACAC349-F74F-4EC8-8639-F6B15E9570F1}.Release|x86.ActiveCfg = Release|Win32
		{8ACAC349-F74F-4EC8-8639-F6B15E9570F1}.Release|x86.Build.0 = Release|Win32
	EndGlobalSection
	GlobalSection(SolutionProperties) = preSolution
		HideSolutionNode = FALSE
	EndGlobalSection
	GlobalSection(ExtensibilityGlobals) = postSolution
		SolutionGuid = {362BE773-5FF5-4C45-90FC-86635F714BA8}
	EndGlobalSection
EndGlobal
