
Microsoft Visual Studio Solution File, Format Version 12.00
# Visual Studio Version 17
VisualStudioVersion = 17.7.34031.279
MinimumVisualStudioVersion = 10.0.40219.1
Project("{8BC9CEB8-8B4A-11D0-8D11-00A0C91BC942}") = "10.18work", "10.18work\10.18work.vcxproj", "{3EF416DE-89AE-42AB-9CD7-A951B35639F9}"
EndProject
Global
	GlobalSection(SolutionConfigurationPlatforms) = preSolution
		Debug|x64 = Debug|x64
		Debug|x86 = Debug|x86
		Release|x64 = Release|x64
		Release|x86 = Release|x86
	EndGlobalSection
	GlobalSection(ProjectConfigurationPlatforms) = postSolution
		{3EF416DE-89AE-42AB-9CD7-A951B35639F9}.Debug|x64.ActiveCfg = Debug|x64
		{3EF416DE-89AE-42AB-9CD7-A951B35639F9}.Debug|x64.Build.0 = Debug|x64
		{3EF416DE-89AE-42AB-9CD7-A951B35639F9}.Debug|x86.ActiveCfg = Debug|Win32
		{3EF416DE-89AE-42AB-9CD7-A951B35639F9}.Debug|x86.Build.0 = Debug|Win32
		{3EF416DE-89AE-42AB-9CD7-A951B35639F9}.Release|x64.ActiveCfg = Release|x64
		{3EF416DE-89AE-42AB-9CD7-A951B35639F9}.Release|x64.Build.0 = Release|x64
		{3EF416DE-89AE-42AB-9CD7-A951B35639F9}.Release|x86.ActiveCfg = Release|Win32
		{3EF416DE-89AE-42AB-9CD7-A951B35639F9}.Release|x86.Build.0 = Release|Win32
	EndGlobalSection
	GlobalSection(SolutionProperties) = preSolution
		HideSolutionNode = FALSE
	EndGlobalSection
	GlobalSection(ExtensibilityGlobals) = postSolution
		SolutionGuid = {E363DB4C-A225-4B4A-AE33-D97612030D1E}
	EndGlobalSection
EndGlobal
